
Microsoft Visual Studio Solution File, Format Version 12.00
# Visual Studio Version 17
VisualStudioVersion = 17.7.34024.191
MinimumVisualStudioVersion = 10.0.40219.1
Project("{FAE04EC0-301F-11D3-BF4B-00C04F79EFBC}") = "V-pet_project", "V-pet_project\V-pet_project.csproj", "{DD3F6C32-62E1-45A4-8205-E5287EE0B7C6}"
EndProject
Global
	GlobalSection(SolutionConfigurationPlatforms) = preSolution
		Debug|Any CPU = Debug|Any CPU
		Release|Any CPU = Release|Any CPU
	EndGlobalSection
	GlobalSection(ProjectConfigurationPlatforms) = postSolution
		{DD3F6C32-62E1-45A4-8205-E5287EE0B7C6}.Debug|Any CPU.ActiveCfg = Debug|Any CPU
		{DD3F6C32-62E1-45A4-8205-E5287EE0B7C6}.Debug|Any CPU.Build.0 = Debug|Any CPU
		{DD3F6C32-62E1-45A4-8205-E5287EE0B7C6}.Release|Any CPU.ActiveCfg = Release|Any CPU
		{DD3F6C32-62E1-45A4-8205-E5287EE0B7C6}.Release|Any CPU.Build.0 = Release|Any CPU
	EndGlobalSection
	GlobalSection(SolutionProperties) = preSolution
		HideSolutionNode = FALSE
	EndGlobalSection
	GlobalSection(ExtensibilityGlobals) = postSolution
		SolutionGuid = {0531AE84-C7AC-4EBE-B0DB-911B17C61B94}
	EndGlobalSection
EndGlobal
